{
  "name": "Change_Nametag",
  "lockfileVersion": 3,
  "requires": true,
  "packages": {
    "": {
      "dependencies": {
        "@minecraft/server": "^1.6.0-beta.1.20.30-stable"
      }
    },
    "node_modules/@minecraft/server": {
      "version": "1.6.0-beta.1.20.30-stable",
      "resolved": "https://registry.npmjs.org/@minecraft/server/-/server-1.6.0-beta.1.20.30-stable.tgz",
      "integrity": "sha512-hvRjxbI7cl7LVAv+wmw253O6IHFUVBEMvTl+FJLnUaQv9f/JkGBaVDKgyH0yR7G1SMgVLRoQIA5CM8IZWYDHew=="
    }
  }
}
